
Microsoft Visual Studio Solution File, Format Version 12.00
# Visual Studio Version 17
VisualStudioVersion = 17.4.33205.214
MinimumVisualStudioVersion = 10.0.40219.1
Project("{8BC9CEB8-8B4A-11D0-8D11-00A0C91BC942}") = "VideoProject3_Ch4TimeCalculator", "VideoProject3_Ch4TimeCalculator\VideoProject3_Ch4TimeCalculator.vcxproj", "{73D268D4-0296-4729-8262-662CD02F9E68}"
EndProject
Global
	GlobalSection(SolutionConfigurationPlatforms) = preSolution
		Debug|x64 = Debug|x64
		Debug|x86 = Debug|x86
		Release|x64 = Release|x64
		Release|x86 = Release|x86
	EndGlobalSection
	GlobalSection(ProjectConfigurationPlatforms) = postSolution
		{73D268D4-0296-4729-8262-662CD02F9E68}.Debug|x64.ActiveCfg = Debug|x64
		{73D268D4-0296-4729-8262-662CD02F9E68}.Debug|x64.Build.0 = Debug|x64
		{73D268D4-0296-4729-8262-662CD02F9E68}.Debug|x86.ActiveCfg = Debug|Win32
		{73D268D4-0296-4729-8262-662CD02F9E68}.Debug|x86.Build.0 = Debug|Win32
		{73D268D4-0296-4729-8262-662CD02F9E68}.Release|x64.ActiveCfg = Release|x64
		{73D268D4-0296-4729-8262-662CD02F9E68}.Release|x64.Build.0 = Release|x64
		{73D268D4-0296-4729-8262-662CD02F9E68}.Release|x86.ActiveCfg = Release|Win32
		{73D268D4-0296-4729-8262-662CD02F9E68}.Release|x86.Build.0 = Release|Win32
	EndGlobalSection
	GlobalSection(SolutionProperties) = preSolution
		HideSolutionNode = FALSE
	EndGlobalSection
	GlobalSection(ExtensibilityGlobals) = postSolution
		SolutionGuid = {15CCE24C-9A35-47CE-A41E-0D70B3F73024}
	EndGlobalSection
EndGlobal
